
Microsoft Visual Studio Solution File, Format Version 12.00
# Visual Studio Version 16
VisualStudioVersion = 16.0.29609.76
MinimumVisualStudioVersion = 10.0.40219.1
Project("{FAE04EC0-301F-11D3-BF4B-00C04F79EFBC}") = "MaterialBlazorApp", "MaterialBlazorApp\MaterialBlazorApp.csproj", "{1BF38193-C765-4D24-A318-0DF792E193D8}"
EndProject
Global
	GlobalSection(SolutionConfigurationPlatforms) = preSolution
		Debug|Any CPU = Debug|Any CPU
		Release|Any CPU = Release|Any CPU
	EndGlobalSection
	GlobalSection(ProjectConfigurationPlatforms) = postSolution
		{1BF38193-C765-4D24-A318-0DF792E193D8}.Debug|Any CPU.ActiveCfg = Debug|Any CPU
		{1BF38193-C765-4D24-A318-0DF792E193D8}.Debug|Any CPU.Build.0 = Debug|Any CPU
		{1BF38193-C765-4D24-A318-0DF792E193D8}.Release|Any CPU.ActiveCfg = Release|Any CPU
		{1BF38193-C765-4D24-A318-0DF792E193D8}.Release|Any CPU.Build.0 = Release|Any CPU
	EndGlobalSection
	GlobalSection(SolutionProperties) = preSolution
		HideSolutionNode = FALSE
	EndGlobalSection
	GlobalSection(ExtensibilityGlobals) = postSolution
		SolutionGuid = {99C5675A-98BB-4D90-892B-FFA934863D1C}
	EndGlobalSection
EndGlobal
